PODS:
  - FForms (0.1.0):
    - PhoneNumberKit
  - JPKit/FloatingLabel (0.4.4)
  - PhoneNumberKit (2.5.0):
    - PhoneNumberKit/PhoneNumberKitCore (= 2.5.0)
    - PhoneNumberKit/UIKit (= 2.5.0)
  - PhoneNumberKit/PhoneNumberKitCore (2.5.0)
  - PhoneNumberKit/UIKit (2.5.0):
    - PhoneNumberKit/PhoneNumberKitCore

DEPENDENCIES:
  - FForms (from `../fforms-ios`)
  - JPKit/FloatingLabel (from `https://gitlab.infra.johnpaultech.com/mobile/jpkit-ios.git`, branch `develop`)

SPEC REPOS:
  https://github.com/cocoapods/specs.git:
    - PhoneNumberKit

EXTERNAL SOURCES:
  FForms:
    :path: "../fforms-ios"
  JPKit:
    :branch: develop
    :git: https://gitlab.infra.johnpaultech.com/mobile/jpkit-ios.git

CHECKOUT OPTIONS:
  JPKit:
    :commit: 85cc7c917d96721b2bdd877d64d6563b50ad5958
    :git: https://gitlab.infra.johnpaultech.com/mobile/jpkit-ios.git

SPEC CHECKSUMS:
  FForms: c3ecd0ffa32ed59e33d73a797862d8eddf2b705c
  JPKit: d17979b4d304fd1c837e294f1a0fc008e834fa93
  PhoneNumberKit: 32a1cd1e0aa9e950feb01886a22fd7386b8cf903

PODFILE CHECKSUM: b87a387832b861e0bd0efcfecb8f498a81cd3dd5

COCOAPODS: 1.5.3
