PODS:
  - CasperText (0.1.0)
  - PhoneNumberKit (2.6.0):
    - PhoneNumberKit/PhoneNumberKitCore (= 2.6.0)
    - PhoneNumberKit/UIKit (= 2.6.0)
  - PhoneNumberKit/PhoneNumberKitCore (2.6.0)
  - PhoneNumberKit/UIKit (2.6.0):
    - PhoneNumberKit/PhoneNumberKitCore

DEPENDENCIES:
  - CasperText (from `https://github.com/JohnPaulConcierge/caspertext-ios.git`)
  - PhoneNumberKit

SPEC REPOS:
  https://github.com/cocoapods/specs.git:
    - PhoneNumberKit

EXTERNAL SOURCES:
  CasperText:
    :git: https://github.com/JohnPaulConcierge/caspertext-ios.git

CHECKOUT OPTIONS:
  CasperText:
    :commit: 2269be7d69b3b6a4ec2035e01a8646519828c2f7
    :git: https://github.com/JohnPaulConcierge/caspertext-ios.git

SPEC CHECKSUMS:
  CasperText: de4bd85de80811f949087894946efb618f6e2646
  PhoneNumberKit: 167ee1f0bbb6efce7c62559e620eae745595532f

PODFILE CHECKSUM: 994ab0b2a0d7c938b29e4c599f182a39f6cf7579

COCOAPODS: 1.6.1
