// !$*UTF8*$!
{
	archiveVersion = 1;
	classes = {
	};
	objectVersion = 48;
	objects = {

/* Begin PBXBuildFile section */
		47A27CF529074731E258CC54 /* Pods_FForm.framework in Frameworks */ = {isa = PBXBuildFile; fileRef = 8D8155165B33A44F47B4B856 /* Pods_FForm.framework */; };
		FF876BDB202231390022C142 /* ViewController.swift in Sources */ = {isa = PBXBuildFile; fileRef = FF876BD3202231390022C142 /* ViewController.swift */; };
		FF876BDC202231390022C142 /* Assets.xcassets in Resources */ = {isa = PBXBuildFile; fileRef = FF876BD4202231390022C142 /* Assets.xcassets */; };
		FF876BDD202231390022C142 /* LaunchScreen.storyboard in Resources */ = {isa = PBXBuildFile; fileRef = FF876BD5202231390022C142 /* LaunchScreen.storyboard */; };
		FF876BDE202231390022C142 /* Main.storyboard in Resources */ = {isa = PBXBuildFile; fileRef = FF876BD7202231390022C142 /* Main.storyboard */; };
		FF876BDF202231390022C142 /* AppDelegate.swift in Sources */ = {isa = PBXBuildFile; fileRef = FF876BD9202231390022C142 /* AppDelegate.swift */; };
/* End PBXBuildFile section */

/* Begin PBXFileReference section */
		3C8B63F4B18FB81B860A27FD /* Pods-FForm.debug.xcconfig */ = {isa = PBXFileReference; includeInIndex = 1; lastKnownFileType = text.xcconfig; name = "Pods-FForm.debug.xcconfig"; path = "Pods/Target Support Files/Pods-FForm/Pods-FForm.debug.xcconfig"; sourceTree = "<group>"; };
		477E4F6B649E2085EBEEC05A /* Pods-FForm.release.xcconfig */ = {isa = PBXFileReference; includeInIndex = 1; lastKnownFileType = text.xcconfig; name = "Pods-FForm.release.xcconfig"; path = "Pods/Target Support Files/Pods-FForm/Pods-FForm.release.xcconfig"; sourceTree = "<group>"; };
		8D8155165B33A44F47B4B856 /* Pods_FForm.framework */ = {isa = PBXFileReference; explicitFileType = wrapper.framework; includeInIndex = 0; path = Pods_FForm.framework; sourceTree = BUILT_PRODUCTS_DIR; };
		FF876BBD202230C60022C142 /* FForm.app */ = {isa = PBXFileReference; explicitFileType = wrapper.application; includeInIndex = 0; path = FForm.app; sourceTree = BUILT_PRODUCTS_DIR; };
		FF876BD3202231390022C142 /* ViewController.swift */ = {isa = PBXFileReference; fileEncoding = 4; lastKnownFileType = sourcecode.swift; path = ViewController.swift; sourceTree = "<group>"; };
		FF876BD4202231390022C142 /* Assets.xcassets */ = {isa = PBXFileReference; lastKnownFileType = folder.assetcatalog; path = Assets.xcassets; sourceTree = "<group>"; };
		FF876BD6202231390022C142 /* Base */ = {isa = PBXFileReference; lastKnownFileType = file.storyboard; name = Base; path = Base.lproj/LaunchScreen.storyboard; sourceTree = "<group>"; };
		FF876BD8202231390022C142 /* Base */ = {isa = PBXFileReference; lastKnownFileType = file.storyboard; name = Base; path = Base.lproj/Main.storyboard; sourceTree = "<group>"; };
		FF876BD9202231390022C142 /* AppDelegate.swift */ = {isa = PBXFileReference; fileEncoding = 4; lastKnownFileType = sourcecode.swift; path = AppDelegate.swift; sourceTree = "<group>"; };
		FF876BDA202231390022C142 /* Info.plist */ = {isa = PBXFileReference; fileEncoding = 4; lastKnownFileType = text.plist.xml; path = Info.plist; sourceTree = "<group>"; };
/* End PBXFileReference section */

/* Begin PBXFrameworksBuildPhase section */
		FF876BBA202230C60022C142 /* Frameworks */ = {
			isa = PBXFrameworksBuildPhase;
			buildActionMask = 2147483647;
			files = (
				47A27CF529074731E258CC54 /* Pods_FForm.framework in Frameworks */,
			);
			runOnlyForDeploymentPostprocessing = 0;
		};
/* End PBXFrameworksBuildPhase section */

/* Begin PBXGroup section */
		964EF91619538CE6BCEC2BB4 /* Pods */ = {
			isa = PBXGroup;
			children = (
				3C8B63F4B18FB81B860A27FD /* Pods-FForm.debug.xcconfig */,
				477E4F6B649E2085EBEEC05A /* Pods-FForm.release.xcconfig */,
			);
			name = Pods;
			sourceTree = "<group>";
		};
		E50EB336A7C5FB9E80C0E4D1 /* Frameworks */ = {
			isa = PBXGroup;
			children = (
				8D8155165B33A44F47B4B856 /* Pods_FForm.framework */,
			);
			name = Frameworks;
			sourceTree = "<group>";
		};
		FF876BB4202230C60022C142 = {
			isa = PBXGroup;
			children = (
				FF876BD2202231390022C142 /* Example */,
				FF876BBE202230C60022C142 /* Products */,
				964EF91619538CE6BCEC2BB4 /* Pods */,
				E50EB336A7C5FB9E80C0E4D1 /* Frameworks */,
			);
			sourceTree = "<group>";
		};
		FF876BBE202230C60022C142 /* Products */ = {
			isa = PBXGroup;
			children = (
				FF876BBD202230C60022C142 /* FForm.app */,
			);
			name = Products;
			sourceTree = "<group>";
		};
		FF876BD2202231390022C142 /* Example */ = {
			isa = PBXGroup;
			children = (
				FF876BD3202231390022C142 /* ViewController.swift */,
				FF876BD4202231390022C142 /* Assets.xcassets */,
				FF876BD5202231390022C142 /* LaunchScreen.storyboard */,
				FF876BD7202231390022C142 /* Main.storyboard */,
				FF876BD9202231390022C142 /* AppDelegate.swift */,
				FF876BDA202231390022C142 /* Info.plist */,
			);
			path = Example;
			sourceTree = "<group>";
		};
/* End PBXGroup section */

/* Begin PBXNativeTarget section */
		FF876BBC202230C60022C142 /* FForm */ = {
			isa = PBXNativeTarget;
			buildConfigurationList = FF876BCF202230C60022C142 /* Build configuration list for PBXNativeTarget "FForm" */;
			buildPhases = (
				28B9E1407E1F67B5846634B1 /* [CP] Check Pods Manifest.lock */,
				FF876BB9202230C60022C142 /* Sources */,
				FF876BBA202230C60022C142 /* Frameworks */,
				FF876BBB202230C60022C142 /* Resources */,
				A9EA15DCBE63649B58FF4345 /* [CP] Embed Pods Frameworks */,
				90FF07754014D55DEB0128A5 /* [CP] Copy Pods Resources */,
			);
			buildRules = (
			);
			dependencies = (
			);
			name = FForm;
			productName = FForm;
			productReference = FF876BBD202230C60022C142 /* FForm.app */;
			productType = "com.apple.product-type.application";
		};
/* End PBXNativeTarget section */

/* Begin PBXProject section */
		FF876BB5202230C60022C142 /* Project object */ = {
			isa = PBXProject;
			attributes = {
				LastSwiftUpdateCheck = 0920;
				LastUpgradeCheck = 0920;
				ORGANIZATIONNAME = "John Paul";
				TargetAttributes = {
					FF876BBC202230C60022C142 = {
						CreatedOnToolsVersion = 9.2;
						ProvisioningStyle = Automatic;
					};
				};
			};
			buildConfigurationList = FF876BB8202230C60022C142 /* Build configuration list for PBXProject "FForms" */;
			compatibilityVersion = "Xcode 8.0";
			developmentRegion = en;
			hasScannedForEncodings = 0;
			knownRegions = (
				en,
				Base,
			);
			mainGroup = FF876BB4202230C60022C142;
			productRefGroup = FF876BBE202230C60022C142 /* Products */;
			projectDirPath = "";
			projectRoot = "";
			targets = (
				FF876BBC202230C60022C142 /* FForm */,
			);
		};
/* End PBXProject section */

/* Begin PBXResourcesBuildPhase section */
		FF876BBB202230C60022C142 /* Resources */ = {
			isa = PBXResourcesBuildPhase;
			buildActionMask = 2147483647;
			files = (
				FF876BDE202231390022C142 /* Main.storyboard in Resources */,
				FF876BDC202231390022C142 /* Assets.xcassets in Resources */,
				FF876BDD202231390022C142 /* LaunchScreen.storyboard in Resources */,
			);
			runOnlyForDeploymentPostprocessing = 0;
		};
/* End PBXResourcesBuildPhase section */

/* Begin PBXShellScriptBuildPhase section */
		28B9E1407E1F67B5846634B1 /* [CP] Check Pods Manifest.lock */ = {
			isa = PBXShellScriptBuildPhase;
			buildActionMask = 2147483647;
			files = (
			);
			inputPaths = (
				"${PODS_PODFILE_DIR_PATH}/Podfile.lock",
				"${PODS_ROOT}/Manifest.lock",
			);
			name = "[CP] Check Pods Manifest.lock";
			outputPaths = (
				"$(DERIVED_FILE_DIR)/Pods-FForm-checkManifestLockResult.txt",
			);
			runOnlyForDeploymentPostprocessing = 0;
			shellPath = /bin/sh;
			shellScript = "diff \"${PODS_PODFILE_DIR_PATH}/Podfile.lock\" \"${PODS_ROOT}/Manifest.lock\" > /dev/null\nif [ $? != 0 ] ; then\n    # print error to STDERR\n    echo \"error: The sandbox is not in sync with the Podfile.lock. Run 'pod install' or update your CocoaPods installation.\" >&2\n    exit 1\nfi\n# This output is used by Xcode 'outputs' to avoid re-running this script phase.\necho \"SUCCESS\" > \"${SCRIPT_OUTPUT_FILE_0}\"\n";
			showEnvVarsInLog = 0;
		};
		90FF07754014D55DEB0128A5 /* [CP] Copy Pods Resources */ = {
			isa = PBXShellScriptBuildPhase;
			buildActionMask = 2147483647;
			files = (
			);
			inputPaths = (
			);
			name = "[CP] Copy Pods Resources";
			outputPaths = (
			);
			runOnlyForDeploymentPostprocessing = 0;
			shellPath = /bin/sh;
			shellScript = "\"${SRCROOT}/Pods/Target Support Files/Pods-FForm/Pods-FForm-resources.sh\"\n";
			showEnvVarsInLog = 0;
		};
		A9EA15DCBE63649B58FF4345 /* [CP] Embed Pods Frameworks */ = {
			isa = PBXShellScriptBuildPhase;
			buildActionMask = 2147483647;
			files = (
			);
			inputPaths = (
				"${SRCROOT}/Pods/Target Support Files/Pods-FForm/Pods-FForm-frameworks.sh",
				"${BUILT_PRODUCTS_DIR}/FForms/FForms.framework",
				"${BUILT_PRODUCTS_DIR}/JPKit/JPKit.framework",
				"${BUILT_PRODUCTS_DIR}/PhoneNumberKit/PhoneNumberKit.framework",
			);
			name = "[CP] Embed Pods Frameworks";
			outputPaths = (
				"${TARGET_BUILD_DIR}/${FRAMEWORKS_FOLDER_PATH}/FForms.framework",
				"${TARGET_BUILD_DIR}/${FRAMEWORKS_FOLDER_PATH}/JPKit.framework",
				"${TARGET_BUILD_DIR}/${FRAMEWORKS_FOLDER_PATH}/PhoneNumberKit.framework",
			);
			runOnlyForDeploymentPostprocessing = 0;
			shellPath = /bin/sh;
			shellScript = "\"${SRCROOT}/Pods/Target Support Files/Pods-FForm/Pods-FForm-frameworks.sh\"\n";
			showEnvVarsInLog = 0;
		};
/* End PBXShellScriptBuildPhase section */

/* Begin PBXSourcesBuildPhase section */
		FF876BB9202230C60022C142 /* Sources */ = {
			isa = PBXSourcesBuildPhase;
			buildActionMask = 2147483647;
			files = (
				FF876BDF202231390022C142 /* AppDelegate.swift in Sources */,
				FF876BDB202231390022C142 /* ViewController.swift in Sources */,
			);
			runOnlyForDeploymentPostprocessing = 0;
		};
/* End PBXSourcesBuildPhase section */

/* Begin PBXVariantGroup section */
		FF876BD5202231390022C142 /* LaunchScreen.storyboard */ = {
			isa = PBXVariantGroup;
			children = (
				FF876BD6202231390022C142 /* Base */,
			);
			name = LaunchScreen.storyboard;
			sourceTree = "<group>";
		};
		FF876BD7202231390022C142 /* Main.storyboard */ = {
			isa = PBXVariantGroup;
			children = (
				FF876BD8202231390022C142 /* Base */,
			);
			name = Main.storyboard;
			sourceTree = "<group>";
		};
/* End PBXVariantGroup section */

/* Begin XCBuildConfiguration section */
		FF876BCD202230C60022C142 /* Debug */ = {
			isa = XCBuildConfiguration;
			buildSettings = {
				ALWAYS_SEARCH_USER_PATHS = NO;
				CLANG_ANALYZER_NONNULL = YES;
				CLANG_ANALYZER_NUMBER_OBJECT_CONVERSION = YES_AGGRESSIVE;
				CLANG_CXX_LANGUAGE_STANDARD = "gnu++14";
				CLANG_CXX_LIBRARY = "libc++";
				CLANG_ENABLE_MODULES = YES;
				CLANG_ENABLE_OBJC_ARC = YES;
				CLANG_WARN_BLOCK_CAPTURE_AUTORELEASING = YES;
				CLANG_WARN_BOOL_CONVERSION = YES;
				CLANG_WARN_COMMA = YES;
				CLANG_WARN_CONSTANT_CONVERSION = YES;
				CLANG_WARN_DIRECT_OBJC_ISA_USAGE = YES_ERROR;
				CLANG_WARN_DOCUMENTATION_COMMENTS = YES;
				CLANG_WARN_EMPTY_BODY = YES;
				CLANG_WARN_ENUM_CONVERSION = YES;
				CLANG_WARN_INFINITE_RECURSION = YES;
				CLANG_WARN_INT_CONVERSION = YES;
				CLANG_WARN_NON_LITERAL_NULL_CONVERSION = YES;
				CLANG_WARN_OBJC_LITERAL_CONVERSION = YES;
				CLANG_WARN_OBJC_ROOT_CLASS = YES_ERROR;
				CLANG_WARN_RANGE_LOOP_ANALYSIS = YES;
				CLANG_WARN_STRICT_PROTOTYPES = YES;
				CLANG_WARN_SUSPICIOUS_MOVE = YES;
				CLANG_WARN_UNGUARDED_AVAILABILITY = YES_AGGRESSIVE;
				CLANG_WARN_UNREACHABLE_CODE = YES;
				CLANG_WARN__DUPLICATE_METHOD_MATCH = YES;
				CODE_SIGN_IDENTITY = "iPhone Developer";
				COPY_PHASE_STRIP = NO;
				DEBUG_INFORMATION_FORMAT = dwarf;
				ENABLE_STRICT_OBJC_MSGSEND = YES;
				ENABLE_TESTABILITY = YES;
				GCC_C_LANGUAGE_STANDARD = gnu11;
				GCC_DYNAMIC_NO_PIC = NO;
				GCC_NO_COMMON_BLOCKS = YES;
				GCC_OPTIMIZATION_LEVEL = 0;
				GCC_PREPROCESSOR_DEFINITIONS = (
					"DEBUG=1",
					"$(inherited)",
				);
				GCC_WARN_64_TO_32_BIT_CONVERSION = YES;
				GCC_WARN_ABOUT_RETURN_TYPE = YES_ERROR;
				GCC_WARN_UNDECLARED_SELECTOR = YES;
				GCC_WARN_UNINITIALIZED_AUTOS = YES_AGGRESSIVE;
				GCC_WARN_UNUSED_FUNCTION = YES;
				GCC_WARN_UNUSED_VARIABLE = YES;
				IPHONEOS_DEPLOYMENT_TARGET = 11.2;
				MTL_ENABLE_DEBUG_INFO = YES;
				ONLY_ACTIVE_ARCH = YES;
				SDKROOT = iphoneos;
				SWIFT_ACTIVE_COMPILATION_CONDITIONS = DEBUG;
				SWIFT_OPTIMIZATION_LEVEL = "-Onone";
			};
			name = Debug;
		};
		FF876BCE202230C60022C142 /* Release */ = {
			isa = XCBuildConfiguration;
			buildSettings = {
				ALWAYS_SEARCH_USER_PATHS = NO;
				CLANG_ANALYZER_NONNULL = YES;
				CLANG_ANALYZER_NUMBER_OBJECT_CONVERSION = YES_AGGRESSIVE;
				CLANG_CXX_LANGUAGE_STANDARD = "gnu++14";
				CLANG_CXX_LIBRARY = "libc++";
				CLANG_ENABLE_MODULES = YES;
				CLANG_ENABLE_OBJC_ARC = YES;
				CLANG_WARN_BLOCK_CAPTURE_AUTORELEASING = YES;
				CLANG_WARN_BOOL_CONVERSION = YES;
				CLANG_WARN_COMMA = YES;
				CLANG_WARN_CONSTANT_CONVERSION = YES;
				CLANG_WARN_DIRECT_OBJC_ISA_USAGE = YES_ERROR;
				CLANG_WARN_DOCUMENTATION_COMMENTS = YES;
				CLANG_WARN_EMPTY_BODY = YES;
				CLANG_WARN_ENUM_CONVERSION = YES;
				CLANG_WARN_INFINITE_RECURSION = YES;
				CLANG_WARN_INT_CONVERSION = YES;
				CLANG_WARN_NON_LITERAL_NULL_CONVERSION = YES;
				CLANG_WARN_OBJC_LITERAL_CONVERSION = YES;
				CLANG_WARN_OBJC_ROOT_CLASS = YES_ERROR;
				CLANG_WARN_RANGE_LOOP_ANALYSIS = YES;
				CLANG_WARN_STRICT_PROTOTYPES = YES;
				CLANG_WARN_SUSPICIOUS_MOVE = YES;
				CLANG_WARN_UNGUARDED_AVAILABILITY = YES_AGGRESSIVE;
				CLANG_WARN_UNREACHABLE_CODE = YES;
				CLANG_WARN__DUPLICATE_METHOD_MATCH = YES;
				CODE_SIGN_IDENTITY = "iPhone Developer";
				COPY_PHASE_STRIP = NO;
				DEBUG_INFORMATION_FORMAT = "dwarf-with-dsym";
				ENABLE_NS_ASSERTIONS = NO;
				ENABLE_STRICT_OBJC_MSGSEND = YES;
				GCC_C_LANGUAGE_STANDARD = gnu11;
				GCC_NO_COMMON_BLOCKS = YES;
				GCC_WARN_64_TO_32_BIT_CONVERSION = YES;
				GCC_WARN_ABOUT_RETURN_TYPE = YES_ERROR;
				GCC_WARN_UNDECLARED_SELECTOR = YES;
				GCC_WARN_UNINITIALIZED_AUTOS = YES_AGGRESSIVE;
				GCC_WARN_UNUSED_FUNCTION = YES;
				GCC_WARN_UNUSED_VARIABLE = YES;
				IPHONEOS_DEPLOYMENT_TARGET = 11.2;
				MTL_ENABLE_DEBUG_INFO = NO;
				SDKROOT = iphoneos;
				SWIFT_OPTIMIZATION_LEVEL = "-Owholemodule";
				VALIDATE_PRODUCT = YES;
			};
			name = Release;
		};
		FF876BD0202230C60022C142 /* Debug */ = {
			isa = XCBuildConfiguration;
			baseConfigurationReference = 3C8B63F4B18FB81B860A27FD /* Pods-FForm.debug.xcconfig */;
			buildSettings = {
				ASSETCATALOG_COMPILER_APPICON_NAME = AppIcon;
				CODE_SIGN_STYLE = Automatic;
				DEVELOPMENT_TEAM = XFC57PL5K8;
				INFOPLIST_FILE = "$(SRCROOT)/Example/Info.plist";
				LD_RUNPATH_SEARCH_PATHS = "$(inherited) @executable_path/Frameworks";
				PRODUCT_BUNDLE_IDENTIFIER = com.johnpaul.FForm;
				PRODUCT_NAME = "$(TARGET_NAME)";
				SWIFT_VERSION = 4.0;
				TARGETED_DEVICE_FAMILY = "1,2";
			};
			name = Debug;
		};
		FF876BD1202230C60022C142 /* Release */ = {
			isa = XCBuildConfiguration;
			baseConfigurationReference = 477E4F6B649E2085EBEEC05A /* Pods-FForm.release.xcconfig */;
			buildSettings = {
				ASSETCATALOG_COMPILER_APPICON_NAME = AppIcon;
				CODE_SIGN_STYLE = Automatic;
				DEVELOPMENT_TEAM = XFC57PL5K8;
				INFOPLIST_FILE = "$(SRCROOT)/Example/Info.plist";
				LD_RUNPATH_SEARCH_PATHS = "$(inherited) @executable_path/Frameworks";
				PRODUCT_BUNDLE_IDENTIFIER = com.johnpaul.FForm;
				PRODUCT_NAME = "$(TARGET_NAME)";
				SWIFT_VERSION = 4.0;
				TARGETED_DEVICE_FAMILY = "1,2";
			};
			name = Release;
		};
/* End XCBuildConfiguration section */

/* Begin XCConfigurationList section */
		FF876BB8202230C60022C142 /* Build configuration list for PBXProject "FForms" */ = {
			isa = XCConfigurationList;
			buildConfigurations = (
				FF876BCD202230C60022C142 /* Debug */,
				FF876BCE202230C60022C142 /* Release */,
			);
			defaultConfigurationIsVisible = 0;
			defaultConfigurationName = Release;
		};
		FF876BCF202230C60022C142 /* Build configuration list for PBXNativeTarget "FForm" */ = {
			isa = XCConfigurationList;
			buildConfigurations = (
				FF876BD0202230C60022C142 /* Debug */,
				FF876BD1202230C60022C142 /* Release */,
			);
			defaultConfigurationIsVisible = 0;
			defaultConfigurationName = Release;
		};
/* End XCConfigurationList section */
	};
	rootObject = FF876BB5202230C60022C142 /* Project object */;
}
